// !$*UTF8*$!
{
	archiveVersion = 1;
	classes = {
	};
	objectVersion = 56;
	objects = {

/* Begin PBXBuildFile section */
		F37C9DB12A93CDF60073F58F /* Assets.xcassets in Resources */ = {isa = PBXBuildFile; fileRef = F37C9DB02A93CDF60073F58F /* Assets.xcassets */; };
		F38EF5EB2A95004E00C279A9 /* UIImage+Ext.swift in Sources */ = {isa = PBXBuildFile; fileRef = F38EF5EA2A95004E00C279A9 /* UIImage+Ext.swift */; };
		F392C3EA2A9356CD004F8CB1 /* CharacterResults.swift in Sources */ = {isa = PBXBuildFile; fileRef = F392C3E92A9356CD004F8CB1 /* CharacterResults.swift */; };
		F392C3F02A9373A6004F8CB1 /* Origin.swift in Sources */ = {isa = PBXBuildFile; fileRef = F392C3EF2A9373A6004F8CB1 /* Origin.swift */; };
		F392C3F22A9373B1004F8CB1 /* Location.swift in Sources */ = {isa = PBXBuildFile; fileRef = F392C3F12A9373B1004F8CB1 /* Location.swift */; };
		F392C3F42A93B653004F8CB1 /* UIStackView+Ext.swift in Sources */ = {isa = PBXBuildFile; fileRef = F392C3F32A93B653004F8CB1 /* UIStackView+Ext.swift */; };
		F39E9E902A949677003D722E /* UIColor+Ext.swift in Sources */ = {isa = PBXBuildFile; fileRef = F39E9E8F2A949677003D722E /* UIColor+Ext.swift */; };
		F39E9E932A949F3C003D722E /* CharacterListViewModel.swift in Sources */ = {isa = PBXBuildFile; fileRef = F39E9E922A949F3C003D722E /* CharacterListViewModel.swift */; };
		F39E9E952A94A0E4003D722E /* CharacterTableViewCell.swift in Sources */ = {isa = PBXBuildFile; fileRef = F39E9E942A94A0E4003D722E /* CharacterTableViewCell.swift */; };
		F3A94BC62A8FA60C0003F841 /* AppDelegate.swift in Sources */ = {isa = PBXBuildFile; fileRef = F3A94BC52A8FA60C0003F841 /* AppDelegate.swift */; };
		F3A94BC82A8FA60C0003F841 /* SceneDelegate.swift in Sources */ = {isa = PBXBuildFile; fileRef = F3A94BC72A8FA60C0003F841 /* SceneDelegate.swift */; };
		F3A94BCA2A8FA60C0003F841 /* CharacterListViewController.swift in Sources */ = {isa = PBXBuildFile; fileRef = F3A94BC92A8FA60C0003F841 /* CharacterListViewController.swift */; };
		F3A94BD22A8FA60E0003F841 /* LaunchScreen.storyboard in Resources */ = {isa = PBXBuildFile; fileRef = F3A94BD02A8FA60E0003F841 /* LaunchScreen.storyboard */; };
		F3A94BF92A8FBD850003F841 /* Character.swift in Sources */ = {isa = PBXBuildFile; fileRef = F3A94BF82A8FBD850003F841 /* Character.swift */; };
		F3A94BFD2A90284A0003F841 /* SnapKit in Frameworks */ = {isa = PBXBuildFile; productRef = F3A94BFC2A90284A0003F841 /* SnapKit */; };
		F3A94C002A902C9F0003F841 /* Kingfisher in Frameworks */ = {isa = PBXBuildFile; productRef = F3A94BFF2A902C9F0003F841 /* Kingfisher */; };
		F3C9B2832A934C3F008AC1FF /* CombineMoya in Frameworks */ = {isa = PBXBuildFile; productRef = F3C9B2822A934C3F008AC1FF /* CombineMoya */; };
		F3C9B2852A934C3F008AC1FF /* Moya in Frameworks */ = {isa = PBXBuildFile; productRef = F3C9B2842A934C3F008AC1FF /* Moya */; };
		F3C9B2872A934C3F008AC1FF /* ReactiveMoya in Frameworks */ = {isa = PBXBuildFile; productRef = F3C9B2862A934C3F008AC1FF /* ReactiveMoya */; };
		F3C9B2892A934C3F008AC1FF /* RxMoya in Frameworks */ = {isa = PBXBuildFile; productRef = F3C9B2882A934C3F008AC1FF /* RxMoya */; };
/* End PBXBuildFile section */

/* Begin PBXFileReference section */
		F37C9DB02A93CDF60073F58F /* Assets.xcassets */ = {isa = PBXFileReference; lastKnownFileType = folder.assetcatalog; name = Assets.xcassets; path = ../../Assets.xcassets; sourceTree = "<group>"; };
		F38EF5EA2A95004E00C279A9 /* UIImage+Ext.swift */ = {isa = PBXFileReference; lastKnownFileType = sourcecode.swift; path = "UIImage+Ext.swift"; sourceTree = "<group>"; };
		F392C3E92A9356CD004F8CB1 /* CharacterResults.swift */ = {isa = PBXFileReference; lastKnownFileType = sourcecode.swift; path = CharacterResults.swift; sourceTree = "<group>"; };
		F392C3EF2A9373A6004F8CB1 /* Origin.swift */ = {isa = PBXFileReference; lastKnownFileType = sourcecode.swift; path = Origin.swift; sourceTree = "<group>"; };
		F392C3F12A9373B1004F8CB1 /* Location.swift */ = {isa = PBXFileReference; lastKnownFileType = sourcecode.swift; path = Location.swift; sourceTree = "<group>"; };
		F392C3F32A93B653004F8CB1 /* UIStackView+Ext.swift */ = {isa = PBXFileReference; lastKnownFileType = sourcecode.swift; path = "UIStackView+Ext.swift"; sourceTree = "<group>"; };
		F39E9E8F2A949677003D722E /* UIColor+Ext.swift */ = {isa = PBXFileReference; lastKnownFileType = sourcecode.swift; path = "UIColor+Ext.swift"; sourceTree = "<group>"; };
		F39E9E922A949F3C003D722E /* CharacterListViewModel.swift */ = {isa = PBXFileReference; lastKnownFileType = sourcecode.swift; path = CharacterListViewModel.swift; sourceTree = "<group>"; };
		F39E9E942A94A0E4003D722E /* CharacterTableViewCell.swift */ = {isa = PBXFileReference; lastKnownFileType = sourcecode.swift; path = CharacterTableViewCell.swift; sourceTree = "<group>"; };
		F3A94BC22A8FA60C0003F841 /* Rickapp.app */ = {isa = PBXFileReference; explicitFileType = wrapper.application; includeInIndex = 0; path = Rickapp.app; sourceTree = BUILT_PRODUCTS_DIR; };
		F3A94BC52A8FA60C0003F841 /* AppDelegate.swift */ = {isa = PBXFileReference; lastKnownFileType = sourcecode.swift; path = AppDelegate.swift; sourceTree = "<group>"; };
		F3A94BC72A8FA60C0003F841 /* SceneDelegate.swift */ = {isa = PBXFileReference; lastKnownFileType = sourcecode.swift; path = SceneDelegate.swift; sourceTree = "<group>"; };
		F3A94BC92A8FA60C0003F841 /* CharacterListViewController.swift */ = {isa = PBXFileReference; lastKnownFileType = sourcecode.swift; path = CharacterListViewController.swift; sourceTree = "<group>"; };
		F3A94BD12A8FA60E0003F841 /* Base */ = {isa = PBXFileReference; lastKnownFileType = file.storyboard; name = Base; path = Base.lproj/LaunchScreen.storyboard; sourceTree = "<group>"; };
		F3A94BD32A8FA60E0003F841 /* Info.plist */ = {isa = PBXFileReference; lastKnownFileType = text.plist.xml; path = Info.plist; sourceTree = "<group>"; };
		F3A94BF82A8FBD850003F841 /* Character.swift */ = {isa = PBXFileReference; lastKnownFileType = sourcecode.swift; path = Character.swift; sourceTree = "<group>"; };
/* End PBXFileReference section */

/* Begin PBXFrameworksBuildPhase section */
		F3A94BBF2A8FA60C0003F841 /* Frameworks */ = {
			isa = PBXFrameworksBuildPhase;
			buildActionMask = 2147483647;
			files = (
				F3C9B2892A934C3F008AC1FF /* RxMoya in Frameworks */,
				F3A94C002A902C9F0003F841 /* Kingfisher in Frameworks */,
				F3A94BFD2A90284A0003F841 /* SnapKit in Frameworks */,
				F3C9B2852A934C3F008AC1FF /* Moya in Frameworks */,
				F3C9B2872A934C3F008AC1FF /* ReactiveMoya in Frameworks */,
				F3C9B2832A934C3F008AC1FF /* CombineMoya in Frameworks */,
			);
			runOnlyForDeploymentPostprocessing = 0;
		};
/* End PBXFrameworksBuildPhase section */

/* Begin PBXGroup section */
		F39E9E8E2A94964B003D722E /* Extensions */ = {
			isa = PBXGroup;
			children = (
				F392C3F32A93B653004F8CB1 /* UIStackView+Ext.swift */,
				F39E9E8F2A949677003D722E /* UIColor+Ext.swift */,
				F38EF5EA2A95004E00C279A9 /* UIImage+Ext.swift */,
			);
			path = Extensions;
			sourceTree = "<group>";
		};
		F3A94BB92A8FA60C0003F841 = {
			isa = PBXGroup;
			children = (
				F3A94BC42A8FA60C0003F841 /* Rickapp */,
				F3A94BC32A8FA60C0003F841 /* Products */,
			);
			sourceTree = "<group>";
		};
		F3A94BC32A8FA60C0003F841 /* Products */ = {
			isa = PBXGroup;
			children = (
				F3A94BC22A8FA60C0003F841 /* Rickapp.app */,
			);
			name = Products;
			sourceTree = "<group>";
		};
		F3A94BC42A8FA60C0003F841 /* Rickapp */ = {
			isa = PBXGroup;
			children = (
				F39E9E8E2A94964B003D722E /* Extensions */,
				F3A94C012A902DA50003F841 /* App files */,
				F3A94BF52A8FBB130003F841 /* Model */,
				F3A94BFA2A8FC1C90003F841 /* CharacterList */,
				F3A94BD32A8FA60E0003F841 /* Info.plist */,
			);
			path = Rickapp;
			sourceTree = "<group>";
		};
		F3A94BF52A8FBB130003F841 /* Model */ = {
			isa = PBXGroup;
			children = (
				F3A94BF82A8FBD850003F841 /* Character.swift */,
				F392C3E92A9356CD004F8CB1 /* CharacterResults.swift */,
				F392C3EF2A9373A6004F8CB1 /* Origin.swift */,
				F392C3F12A9373B1004F8CB1 /* Location.swift */,
			);
			path = Model;
			sourceTree = "<group>";
		};
		F3A94BFA2A8FC1C90003F841 /* CharacterList */ = {
			isa = PBXGroup;
			children = (
				F3A94BC92A8FA60C0003F841 /* CharacterListViewController.swift */,
				F39E9E922A949F3C003D722E /* CharacterListViewModel.swift */,
				F39E9E942A94A0E4003D722E /* CharacterTableViewCell.swift */,
			);
			path = CharacterList;
			sourceTree = "<group>";
		};
		F3A94C012A902DA50003F841 /* App files */ = {
			isa = PBXGroup;
			children = (
				F3A94BC72A8FA60C0003F841 /* SceneDelegate.swift */,
				F3A94BC52A8FA60C0003F841 /* AppDelegate.swift */,
				F3A94BD02A8FA60E0003F841 /* LaunchScreen.storyboard */,
				F37C9DB02A93CDF60073F58F /* Assets.xcassets */,
			);
			path = "App files";
			sourceTree = "<group>";
		};
/* End PBXGroup section */

/* Begin PBXNativeTarget section */
		F3A94BC12A8FA60C0003F841 /* Rickapp */ = {
			isa = PBXNativeTarget;
			buildConfigurationList = F3A94BEC2A8FA60E0003F841 /* Build configuration list for PBXNativeTarget "Rickapp" */;
			buildPhases = (
				F3A94BBE2A8FA60C0003F841 /* Sources */,
				F3A94BBF2A8FA60C0003F841 /* Frameworks */,
				F3A94BC02A8FA60C0003F841 /* Resources */,
			);
			buildRules = (
			);
			dependencies = (
			);
			name = Rickapp;
			packageProductDependencies = (
				F3A94BFC2A90284A0003F841 /* SnapKit */,
				F3A94BFF2A902C9F0003F841 /* Kingfisher */,
				F3C9B2822A934C3F008AC1FF /* CombineMoya */,
				F3C9B2842A934C3F008AC1FF /* Moya */,
				F3C9B2862A934C3F008AC1FF /* ReactiveMoya */,
				F3C9B2882A934C3F008AC1FF /* RxMoya */,
			);
			productName = Rickapp;
			productReference = F3A94BC22A8FA60C0003F841 /* Rickapp.app */;
			productType = "com.apple.product-type.application";
		};
/* End PBXNativeTarget section */

/* Begin PBXProject section */
		F3A94BBA2A8FA60C0003F841 /* Project object */ = {
			isa = PBXProject;
			attributes = {
				BuildIndependentTargetsInParallel = 1;
				LastSwiftUpdateCheck = 1430;
				LastUpgradeCheck = 1430;
				TargetAttributes = {
					F3A94BC12A8FA60C0003F841 = {
						CreatedOnToolsVersion = 14.3.1;
					};
				};
			};
			buildConfigurationList = F3A94BBD2A8FA60C0003F841 /* Build configuration list for PBXProject "Rickapp" */;
			compatibilityVersion = "Xcode 14.0";
			developmentRegion = en;
			hasScannedForEncodings = 0;
			knownRegions = (
				en,
				Base,
			);
			mainGroup = F3A94BB92A8FA60C0003F841;
			packageReferences = (
				F3A94BFB2A90284A0003F841 /* XCRemoteSwiftPackageReference "SnapKit" */,
				F3A94BFE2A902C9F0003F841 /* XCRemoteSwiftPackageReference "Kingfisher" */,
				F3C9B2812A934C3F008AC1FF /* XCRemoteSwiftPackageReference "Moya" */,
			);
			productRefGroup = F3A94BC32A8FA60C0003F841 /* Products */;
			projectDirPath = "";
			projectRoot = "";
			targets = (
				F3A94BC12A8FA60C0003F841 /* Rickapp */,
			);
		};
/* End PBXProject section */

/* Begin PBXResourcesBuildPhase section */
		F3A94BC02A8FA60C0003F841 /* Resources */ = {
			isa = PBXResourcesBuildPhase;
			buildActionMask = 2147483647;
			files = (
				F37C9DB12A93CDF60073F58F /* Assets.xcassets in Resources */,
				F3A94BD22A8FA60E0003F841 /* LaunchScreen.storyboard in Resources */,
			);
			runOnlyForDeploymentPostprocessing = 0;
		};
/* End PBXResourcesBuildPhase section */

/* Begin PBXSourcesBuildPhase section */
		F3A94BBE2A8FA60C0003F841 /* Sources */ = {
			isa = PBXSourcesBuildPhase;
			buildActionMask = 2147483647;
			files = (
				F392C3EA2A9356CD004F8CB1 /* CharacterResults.swift in Sources */,
				F392C3F42A93B653004F8CB1 /* UIStackView+Ext.swift in Sources */,
				F3A94BCA2A8FA60C0003F841 /* CharacterListViewController.swift in Sources */,
				F39E9E952A94A0E4003D722E /* CharacterTableViewCell.swift in Sources */,
				F39E9E902A949677003D722E /* UIColor+Ext.swift in Sources */,
				F392C3F22A9373B1004F8CB1 /* Location.swift in Sources */,
				F3A94BF92A8FBD850003F841 /* Character.swift in Sources */,
				F3A94BC62A8FA60C0003F841 /* AppDelegate.swift in Sources */,
				F3A94BC82A8FA60C0003F841 /* SceneDelegate.swift in Sources */,
				F38EF5EB2A95004E00C279A9 /* UIImage+Ext.swift in Sources */,
				F39E9E932A949F3C003D722E /* CharacterListViewModel.swift in Sources */,
				F392C3F02A9373A6004F8CB1 /* Origin.swift in Sources */,
			);
			runOnlyForDeploymentPostprocessing = 0;
		};
/* End PBXSourcesBuildPhase section */

/* Begin PBXVariantGroup section */
		F3A94BD02A8FA60E0003F841 /* LaunchScreen.storyboard */ = {
			isa = PBXVariantGroup;
			children = (
				F3A94BD12A8FA60E0003F841 /* Base */,
			);
			name = LaunchScreen.storyboard;
			sourceTree = "<group>";
		};
/* End PBXVariantGroup section */

/* Begin XCBuildConfiguration section */
		F3A94BEA2A8FA60E0003F841 /* Debug */ = {
			isa = XCBuildConfiguration;
			buildSettings = {
				ALWAYS_SEARCH_USER_PATHS = NO;
				CLANG_ANALYZER_NONNULL = YES;
				CLANG_ANALYZER_NUMBER_OBJECT_CONVERSION = YES_AGGRESSIVE;
				CLANG_CXX_LANGUAGE_STANDARD = "gnu++20";
				CLANG_ENABLE_MODULES = YES;
				CLANG_ENABLE_OBJC_ARC = YES;
				CLANG_ENABLE_OBJC_WEAK = YES;
				CLANG_WARN_BLOCK_CAPTURE_AUTORELEASING = YES;
				CLANG_WARN_BOOL_CONVERSION = YES;
				CLANG_WARN_COMMA = YES;
				CLANG_WARN_CONSTANT_CONVERSION = YES;
				CLANG_WARN_DEPRECATED_OBJC_IMPLEMENTATIONS = YES;
				CLANG_WARN_DIRECT_OBJC_ISA_USAGE = YES_ERROR;
				CLANG_WARN_DOCUMENTATION_COMMENTS = YES;
				CLANG_WARN_EMPTY_BODY = YES;
				CLANG_WARN_ENUM_CONVERSION = YES;
				CLANG_WARN_INFINITE_RECURSION = YES;
				CLANG_WARN_INT_CONVERSION = YES;
				CLANG_WARN_NON_LITERAL_NULL_CONVERSION = YES;
				CLANG_WARN_OBJC_IMPLICIT_RETAIN_SELF = YES;
				CLANG_WARN_OBJC_LITERAL_CONVERSION = YES;
				CLANG_WARN_OBJC_ROOT_CLASS = YES_ERROR;
				CLANG_WARN_QUOTED_INCLUDE_IN_FRAMEWORK_HEADER = YES;
				CLANG_WARN_RANGE_LOOP_ANALYSIS = YES;
				CLANG_WARN_STRICT_PROTOTYPES = YES;
				CLANG_WARN_SUSPICIOUS_MOVE = YES;
				CLANG_WARN_UNGUARDED_AVAILABILITY = YES_AGGRESSIVE;
				CLANG_WARN_UNREACHABLE_CODE = YES;
				CLANG_WARN__DUPLICATE_METHOD_MATCH = YES;
				COPY_PHASE_STRIP = NO;
				DEBUG_INFORMATION_FORMAT = dwarf;
				ENABLE_STRICT_OBJC_MSGSEND = YES;
				ENABLE_TESTABILITY = YES;
				GCC_C_LANGUAGE_STANDARD = gnu11;
				GCC_DYNAMIC_NO_PIC = NO;
				GCC_NO_COMMON_BLOCKS = YES;
				GCC_OPTIMIZATION_LEVEL = 0;
				GCC_PREPROCESSOR_DEFINITIONS = (
					"DEBUG=1",
					"$(inherited)",
				);
				GCC_WARN_64_TO_32_BIT_CONVERSION = YES;
				GCC_WARN_ABOUT_RETURN_TYPE = YES_ERROR;
				GCC_WARN_UNDECLARED_SELECTOR = YES;
				GCC_WARN_UNINITIALIZED_AUTOS = YES_AGGRESSIVE;
				GCC_WARN_UNUSED_FUNCTION = YES;
				GCC_WARN_UNUSED_VARIABLE = YES;
				IPHONEOS_DEPLOYMENT_TARGET = 14.4;
				MTL_ENABLE_DEBUG_INFO = INCLUDE_SOURCE;
				MTL_FAST_MATH = YES;
				ONLY_ACTIVE_ARCH = YES;
				SDKROOT = iphoneos;
				SWIFT_ACTIVE_COMPILATION_CONDITIONS = DEBUG;
				SWIFT_OPTIMIZATION_LEVEL = "-Onone";
			};
			name = Debug;
		};
		F3A94BEB2A8FA60E0003F841 /* Release */ = {
			isa = XCBuildConfiguration;
			buildSettings = {
				ALWAYS_SEARCH_USER_PATHS = NO;
				CLANG_ANALYZER_NONNULL = YES;
				CLANG_ANALYZER_NUMBER_OBJECT_CONVERSION = YES_AGGRESSIVE;
				CLANG_CXX_LANGUAGE_STANDARD = "gnu++20";
				CLANG_ENABLE_MODULES = YES;
				CLANG_ENABLE_OBJC_ARC = YES;
				CLANG_ENABLE_OBJC_WEAK = YES;
				CLANG_WARN_BLOCK_CAPTURE_AUTORELEASING = YES;
				CLANG_WARN_BOOL_CONVERSION = YES;
				CLANG_WARN_COMMA = YES;
				CLANG_WARN_CONSTANT_CONVERSION = YES;
				CLANG_WARN_DEPRECATED_OBJC_IMPLEMENTATIONS = YES;
				CLANG_WARN_DIRECT_OBJC_ISA_USAGE = YES_ERROR;
				CLANG_WARN_DOCUMENTATION_COMMENTS = YES;
				CLANG_WARN_EMPTY_BODY = YES;
				CLANG_WARN_ENUM_CONVERSION = YES;
				CLANG_WARN_INFINITE_RECURSION = YES;
				CLANG_WARN_INT_CONVERSION = YES;
				CLANG_WARN_NON_LITERAL_NULL_CONVERSION = YES;
				CLANG_WARN_OBJC_IMPLICIT_RETAIN_SELF = YES;
				CLANG_WARN_OBJC_LITERAL_CONVERSION = YES;
				CLANG_WARN_OBJC_ROOT_CLASS = YES_ERROR;
				CLANG_WARN_QUOTED_INCLUDE_IN_FRAMEWORK_HEADER = YES;
				CLANG_WARN_RANGE_LOOP_ANALYSIS = YES;
				CLANG_WARN_STRICT_PROTOTYPES = YES;
				CLANG_WARN_SUSPICIOUS_MOVE = YES;
				CLANG_WARN_UNGUARDED_AVAILABILITY = YES_AGGRESSIVE;
				CLANG_WARN_UNREACHABLE_CODE = YES;
				CLANG_WARN__DUPLICATE_METHOD_MATCH = YES;
				COPY_PHASE_STRIP = NO;
				DEBUG_INFORMATION_FORMAT = "dwarf-with-dsym";
				ENABLE_NS_ASSERTIONS = NO;
				ENABLE_STRICT_OBJC_MSGSEND = YES;
				GCC_C_LANGUAGE_STANDARD = gnu11;
				GCC_NO_COMMON_BLOCKS = YES;
				GCC_WARN_64_TO_32_BIT_CONVERSION = YES;
				GCC_WARN_ABOUT_RETURN_TYPE = YES_ERROR;
				GCC_WARN_UNDECLARED_SELECTOR = YES;
				GCC_WARN_UNINITIALIZED_AUTOS = YES_AGGRESSIVE;
				GCC_WARN_UNUSED_FUNCTION = YES;
				GCC_WARN_UNUSED_VARIABLE = YES;
				IPHONEOS_DEPLOYMENT_TARGET = 14.4;
				MTL_ENABLE_DEBUG_INFO = NO;
				MTL_FAST_MATH = YES;
				SDKROOT = iphoneos;
				SWIFT_COMPILATION_MODE = wholemodule;
				SWIFT_OPTIMIZATION_LEVEL = "-O";
				VALIDATE_PRODUCT = YES;
			};
			name = Release;
		};
		F3A94BED2A8FA60E0003F841 /* Debug */ = {
			isa = XCBuildConfiguration;
			buildSettings = {
				ASSETCATALOG_COMPILER_APPICON_NAME = AppIcon;
				ASSETCATALOG_COMPILER_GLOBAL_ACCENT_COLOR_NAME = AccentColor;
				CODE_SIGN_STYLE = Automatic;
				CURRENT_PROJECT_VERSION = 1;
				DEVELOPMENT_TEAM = 8BA2VGH9B3;
				GENERATE_INFOPLIST_FILE = YES;
				INFOPLIST_FILE = Rickapp/Info.plist;
				INFOPLIST_KEY_UIApplicationSupportsIndirectInputEvents = YES;
				INFOPLIST_KEY_UILaunchStoryboardName = LaunchScreen;
				INFOPLIST_KEY_UISupportedInterfaceOrientations = UIInterfaceOrientationPortrait;
				INFOPLIST_KEY_UISupportedInterfaceOrientations_iPad = "UIInterfaceOrientationPortrait UIInterfaceOrientationPortraitUpsideDown";
				LD_RUNPATH_SEARCH_PATHS = (
					"$(inherited)",
					"@executable_path/Frameworks",
				);
				MARKETING_VERSION = 1.0;
				PRODUCT_BUNDLE_IDENTIFIER = com.mokwinskiwojciech.Rickapp;
				PRODUCT_NAME = "$(TARGET_NAME)";
				SWIFT_EMIT_LOC_STRINGS = YES;
				SWIFT_VERSION = 5.0;
				TARGETED_DEVICE_FAMILY = "1,2";
			};
			name = Debug;
		};
		F3A94BEE2A8FA60E0003F841 /* Release */ = {
			isa = XCBuildConfiguration;
			buildSettings = {
				ASSETCATALOG_COMPILER_APPICON_NAME = AppIcon;
				ASSETCATALOG_COMPILER_GLOBAL_ACCENT_COLOR_NAME = AccentColor;
				CODE_SIGN_STYLE = Automatic;
				CURRENT_PROJECT_VERSION = 1;
				DEVELOPMENT_TEAM = 8BA2VGH9B3;
				GENERATE_INFOPLIST_FILE = YES;
				INFOPLIST_FILE = Rickapp/Info.plist;
				INFOPLIST_KEY_UIApplicationSupportsIndirectInputEvents = YES;
				INFOPLIST_KEY_UILaunchStoryboardName = LaunchScreen;
				INFOPLIST_KEY_UISupportedInterfaceOrientations = UIInterfaceOrientationPortrait;
				INFOPLIST_KEY_UISupportedInterfaceOrientations_iPad = "UIInterfaceOrientationPortrait UIInterfaceOrientationPortraitUpsideDown";
				LD_RUNPATH_SEARCH_PATHS = (
					"$(inherited)",
					"@executable_path/Frameworks",
				);
				MARKETING_VERSION = 1.0;
				PRODUCT_BUNDLE_IDENTIFIER = com.mokwinskiwojciech.Rickapp;
				PRODUCT_NAME = "$(TARGET_NAME)";
				SWIFT_EMIT_LOC_STRINGS = YES;
				SWIFT_VERSION = 5.0;
				TARGETED_DEVICE_FAMILY = "1,2";
			};
			name = Release;
		};
/* End XCBuildConfiguration section */

/* Begin XCConfigurationList section */
		F3A94BBD2A8FA60C0003F841 /* Build configuration list for PBXProject "Rickapp" */ = {
			isa = XCConfigurationList;
			buildConfigurations = (
				F3A94BEA2A8FA60E0003F841 /* Debug */,
				F3A94BEB2A8FA60E0003F841 /* Release */,
			);
			defaultConfigurationIsVisible = 0;
			defaultConfigurationName = Release;
		};
		F3A94BEC2A8FA60E0003F841 /* Build configuration list for PBXNativeTarget "Rickapp" */ = {
			isa = XCConfigurationList;
			buildConfigurations = (
				F3A94BED2A8FA60E0003F841 /* Debug */,
				F3A94BEE2A8FA60E0003F841 /* Release */,
			);
			defaultConfigurationIsVisible = 0;
			defaultConfigurationName = Release;
		};
/* End XCConfigurationList section */

/* Begin XCRemoteSwiftPackageReference section */
		F3A94BFB2A90284A0003F841 /* XCRemoteSwiftPackageReference "SnapKit" */ = {
			isa = XCRemoteSwiftPackageReference;
			repositoryURL = "https://github.com/SnapKit/SnapKit.git";
			requirement = {
				kind = upToNextMajorVersion;
				minimumVersion = 5.0.0;
			};
		};
		F3A94BFE2A902C9F0003F841 /* XCRemoteSwiftPackageReference "Kingfisher" */ = {
			isa = XCRemoteSwiftPackageReference;
			repositoryURL = "https://github.com/onevcat/Kingfisher.git";
			requirement = {
				kind = upToNextMajorVersion;
				minimumVersion = 7.6.2;
			};
		};
		F3C9B2812A934C3F008AC1FF /* XCRemoteSwiftPackageReference "Moya" */ = {
			isa = XCRemoteSwiftPackageReference;
			repositoryURL = "https://github.com/Moya/Moya#installation";
			requirement = {
				kind = upToNextMajorVersion;
				minimumVersion = 15.0.0;
			};
		};
/* End XCRemoteSwiftPackageReference section */

/* Begin XCSwiftPackageProductDependency section */
		F3A94BFC2A90284A0003F841 /* SnapKit */ = {
			isa = XCSwiftPackageProductDependency;
			package = F3A94BFB2A90284A0003F841 /* XCRemoteSwiftPackageReference "SnapKit" */;
			productName = SnapKit;
		};
		F3A94BFF2A902C9F0003F841 /* Kingfisher */ = {
			isa = XCSwiftPackageProductDependency;
			package = F3A94BFE2A902C9F0003F841 /* XCRemoteSwiftPackageReference "Kingfisher" */;
			productName = Kingfisher;
		};
		F3C9B2822A934C3F008AC1FF /* CombineMoya */ = {
			isa = XCSwiftPackageProductDependency;
			package = F3C9B2812A934C3F008AC1FF /* XCRemoteSwiftPackageReference "Moya" */;
			productName = CombineMoya;
		};
		F3C9B2842A934C3F008AC1FF /* Moya */ = {
			isa = XCSwiftPackageProductDependency;
			package = F3C9B2812A934C3F008AC1FF /* XCRemoteSwiftPackageReference "Moya" */;
			productName = Moya;
		};
		F3C9B2862A934C3F008AC1FF /* ReactiveMoya */ = {
			isa = XCSwiftPackageProductDependency;
			package = F3C9B2812A934C3F008AC1FF /* XCRemoteSwiftPackageReference "Moya" */;
			productName = ReactiveMoya;
		};
		F3C9B2882A934C3F008AC1FF /* RxMoya */ = {
			isa = XCSwiftPackageProductDependency;
			package = F3C9B2812A934C3F008AC1FF /* XCRemoteSwiftPackageReference "Moya" */;
			productName = RxMoya;
		};
/* End XCSwiftPackageProductDependency section */
	};
	rootObject = F3A94BBA2A8FA60C0003F841 /* Project object */;
}
